
Microsoft Visual Studio Solution File, Format Version 12.00
# Visual Studio Version 17
VisualStudioVersion = 17.12.35527.113
MinimumVisualStudioVersion = 10.0.40219.1
Project("{FAE04EC0-301F-11D3-BF4B-00C04F79EFBC}") = "HandKraft.Abstractions", "HandKraft.Abstractions\HandKraft.Abstractions.csproj", "{9402A74B-53D8-4178-8A50-201E2778B1DE}"
EndProject
Project("{FAE04EC0-301F-11D3-BF4B-00C04F79EFBC}") = "HandKraft.CQRS.Abstractions", "HandKraft.CQRS.Abstractions\HandKraft.CQRS.Abstractions.csproj", "{0BCE7128-A03D-478B-BCFB-5404B9D5F0DC}"
EndProject
Project("{FAE04EC0-301F-11D3-BF4B-00C04F79EFBC}") = "HandKraft.CQRS.KraftR", "HandKraft.CQRS.KraftR\HandKraft.CQRS.KraftR.csproj", "{CA8ACD55-547E-4309-9882-0BD054F9CECB}"
EndProject
Global
	GlobalSection(SolutionConfigurationPlatforms) = preSolution
		Debug|Any CPU = Debug|Any CPU
		Release|Any CPU = Release|Any CPU
	EndGlobalSection
	GlobalSection(ProjectConfigurationPlatforms) = postSolution
		{9402A74B-53D8-4178-8A50-201E2778B1DE}.Debug|Any CPU.ActiveCfg = Debug|Any CPU
		{9402A74B-53D8-4178-8A50-201E2778B1DE}.Debug|Any CPU.Build.0 = Debug|Any CPU
		{9402A74B-53D8-4178-8A50-201E2778B1DE}.Release|Any CPU.ActiveCfg = Release|Any CPU
		{9402A74B-53D8-4178-8A50-201E2778B1DE}.Release|Any CPU.Build.0 = Release|Any CPU
		{0BCE7128-A03D-478B-BCFB-5404B9D5F0DC}.Debug|Any CPU.ActiveCfg = Debug|Any CPU
		{0BCE7128-A03D-478B-BCFB-5404B9D5F0DC}.Debug|Any CPU.Build.0 = Debug|Any CPU
		{0BCE7128-A03D-478B-BCFB-5404B9D5F0DC}.Release|Any CPU.ActiveCfg = Release|Any CPU
		{0BCE7128-A03D-478B-BCFB-5404B9D5F0DC}.Release|Any CPU.Build.0 = Release|Any CPU
		{CA8ACD55-547E-4309-9882-0BD054F9CECB}.Debug|Any CPU.ActiveCfg = Debug|Any CPU
		{CA8ACD55-547E-4309-9882-0BD054F9CECB}.Debug|Any CPU.Build.0 = Debug|Any CPU
		{CA8ACD55-547E-4309-9882-0BD054F9CECB}.Release|Any CPU.ActiveCfg = Release|Any CPU
		{CA8ACD55-547E-4309-9882-0BD054F9CECB}.Release|Any CPU.Build.0 = Release|Any CPU
	EndGlobalSection
	GlobalSection(SolutionProperties) = preSolution
		HideSolutionNode = FALSE
	EndGlobalSection
EndGlobal
